{
  "name": "api_node",
  "version": "1.0.0",
  "lockfileVersion": 2,
  "requires": true,
  "packages": {
    "": {
      "name": "api_node",
      "version": "1.0.0",
      "license": "ISC",
      "dependencies": {
        "postgres": "^3.2.2"
      }
    },
    "node_modules/postgres": {
      "version": "3.2.2",
      "resolved": "https://registry.npmjs.org/postgres/-/postgres-3.2.2.tgz",
      "integrity": "sha512-/pHzuhHkIV5jxuAt+nV5XgEbsioa5hbvvIDoghY2IGos8JTTBxKjWM9mZpiB3EsGZJOpr22r1UkVr3bYJlVmGw==",
      "funding": {
        "type": "individual",
        "url": "https://github.com/sponsors/porsager"
      }
    }
  },
  "dependencies": {
    "postgres": {
      "version": "3.2.2",
      "resolved": "https://registry.npmjs.org/postgres/-/postgres-3.2.2.tgz",
      "integrity": "sha512-/pHzuhHkIV5jxuAt+nV5XgEbsioa5hbvvIDoghY2IGos8JTTBxKjWM9mZpiB3EsGZJOpr22r1UkVr3bYJlVmGw=="
    }
  }
}
